
Microsoft Visual Studio Solution File, Format Version 12.00
# Visual Studio 15
VisualStudioVersion = 15.0.27130.2027
MinimumVisualStudioVersion = 10.0.40219.1
Project("{9A19103F-16F7-4668-BE54-9A1E7A4F7556}") = "ZK.NetCore.Util", "ZK.NetCore.Util\ZK.NetCore.Util.csproj", "{0B3801A3-DEFD-439F-BA6E-5BFE333DAE46}"
EndProject
Project("{9A19103F-16F7-4668-BE54-9A1E7A4F7556}") = "ZK.NetStandard.Util", "ZK.NetStandard.Util\ZK.NetStandard.Util.csproj", "{43F97E03-EA53-4959-88D3-46FCF74EC507}"
EndProject
Project("{9A19103F-16F7-4668-BE54-9A1E7A4F7556}") = "ZK.NetCore.WebAPI", "ZK.NetCore.WebAPI\ZK.NetCore.WebAPI.csproj", "{50F34810-0228-4E46-A6CA-81D91946C5BB}"
EndProject
Project("{2150E333-8FDC-42A3-9474-1A3956D46DE8}") = "NetStandard", "NetStandard", "{2AEA74D6-74E4-4E27-B6E9-F5FEB66B5941}"
EndProject
Project("{2150E333-8FDC-42A3-9474-1A3956D46DE8}") = "NetCore", "NetCore", "{1483498B-B513-4540-9914-4C0710D17CFA}"
EndProject
Project("{9A19103F-16F7-4668-BE54-9A1E7A4F7556}") = "ZK.NetCore.ConsoleApp", "ZK.NetCore.ConsoleApp\ZK.NetCore.ConsoleApp.csproj", "{48146B07-C72F-4C6D-977F-438D57A351F6}"
EndProject
Project("{FAE04EC0-301F-11D3-BF4B-00C04F79EFBC}") = "WinForm_Sudio", "WinForm_Sudio\WinForm_Sudio.csproj", "{538D6449-387C-4982-BDEF-691F7AF065C8}"
EndProject
Project("{2150E333-8FDC-42A3-9474-1A3956D46DE8}") = "FastCurd模型构建", "FastCurd模型构建", "{EDBC157B-3AA2-4C17-B893-FB90135C7307}"
EndProject
Project("{FAE04EC0-301F-11D3-BF4B-00C04F79EFBC}") = "T4template", "T4template\T4template.csproj", "{89AE9A60-1D34-4D7F-B24D-9300BCBCAA02}"
EndProject
Project("{9A19103F-16F7-4668-BE54-9A1E7A4F7556}") = "Quartz_demo", "Quartz_demo\Quartz_demo.csproj", "{A99DC5AE-FBA5-4178-8885-B2F33E5C58D8}"
EndProject
Project("{2150E333-8FDC-42A3-9474-1A3956D46DE8}") = "freamwork", "freamwork", "{9639EE97-2B89-4371-AF20-F31A684B7FA9}"
EndProject
Project("{FAE04EC0-301F-11D3-BF4B-00C04F79EFBC}") = "Common.Cache.Redis", "Common.Cache.Redis\Common.Cache.Redis.csproj", "{F5EAA1B4-59DE-4C12-9775-3D80B1B00BC4}"
EndProject
Project("{FAE04EC0-301F-11D3-BF4B-00C04F79EFBC}") = "Common.MQ.ActiveMQ", "Common.MQ.ActiveMQ\Common.MQ.ActiveMQ.csproj", "{D2C9F3E1-41D5-4379-8C33-AAEA1821C779}"
EndProject
Project("{FAE04EC0-301F-11D3-BF4B-00C04F79EFBC}") = "MQDemo", "MQDemo\MQDemo.csproj", "{D93D9F34-0D61-4D8C-B88B-7709AFCB9A23}"
EndProject
Project("{2150E333-8FDC-42A3-9474-1A3956D46DE8}") = "TypeScript", "TypeScript", "{A731DE5E-738D-4CD9-AF28-06B1C0F82758}"
EndProject
Project("{9A19103F-16F7-4668-BE54-9A1E7A4F7556}") = "TypeScriptDemo", "TypeScriptDemo\TypeScriptDemo.csproj", "{3643F81E-AA39-45E1-A173-FFF24F0C84CE}"
EndProject
Project("{9A19103F-16F7-4668-BE54-9A1E7A4F7556}") = "KendoDemo", "KendoDemo\KendoDemo.csproj", "{5584D588-B665-4DF8-A4F6-853D6FDD6503}"
EndProject
Project("{FAE04EC0-301F-11D3-BF4B-00C04F79EFBC}") = "ZP.Bill", "ZP.Bill\ZP.Bill.csproj", "{FCECC9BB-4DBF-4860-AA8E-A11AF52014DF}"
EndProject
Project("{2150E333-8FDC-42A3-9474-1A3956D46DE8}") = "ZP", "ZP", "{22D970DC-7DFB-4BAB-B2D7-0C8A3E06A96B}"
EndProject
Global
	GlobalSection(SolutionConfigurationPlatforms) = preSolution
		Debug|Any CPU = Debug|Any CPU
		Release|Any CPU = Release|Any CPU
	EndGlobalSection
	GlobalSection(ProjectConfigurationPlatforms) = postSolution
		{0B3801A3-DEFD-439F-BA6E-5BFE333DAE46}.Debug|Any CPU.ActiveCfg = Debug|Any CPU
		{0B3801A3-DEFD-439F-BA6E-5BFE333DAE46}.Debug|Any CPU.Build.0 = Debug|Any CPU
		{0B3801A3-DEFD-439F-BA6E-5BFE333DAE46}.Release|Any CPU.ActiveCfg = Release|Any CPU
		{0B3801A3-DEFD-439F-BA6E-5BFE333DAE46}.Release|Any CPU.Build.0 = Release|Any CPU
		{43F97E03-EA53-4959-88D3-46FCF74EC507}.Debug|Any CPU.ActiveCfg = Debug|Any CPU
		{43F97E03-EA53-4959-88D3-46FCF74EC507}.Debug|Any CPU.Build.0 = Debug|Any CPU
		{43F97E03-EA53-4959-88D3-46FCF74EC507}.Release|Any CPU.ActiveCfg = Release|Any CPU
		{43F97E03-EA53-4959-88D3-46FCF74EC507}.Release|Any CPU.Build.0 = Release|Any CPU
		{50F34810-0228-4E46-A6CA-81D91946C5BB}.Debug|Any CPU.ActiveCfg = Debug|Any CPU
		{50F34810-0228-4E46-A6CA-81D91946C5BB}.Debug|Any CPU.Build.0 = Debug|Any CPU
		{50F34810-0228-4E46-A6CA-81D91946C5BB}.Release|Any CPU.ActiveCfg = Release|Any CPU
		{50F34810-0228-4E46-A6CA-81D91946C5BB}.Release|Any CPU.Build.0 = Release|Any CPU
		{48146B07-C72F-4C6D-977F-438D57A351F6}.Debug|Any CPU.ActiveCfg = Debug|Any CPU
		{48146B07-C72F-4C6D-977F-438D57A351F6}.Debug|Any CPU.Build.0 = Debug|Any CPU
		{48146B07-C72F-4C6D-977F-438D57A351F6}.Release|Any CPU.ActiveCfg = Release|Any CPU
		{48146B07-C72F-4C6D-977F-438D57A351F6}.Release|Any CPU.Build.0 = Release|Any CPU
		{538D6449-387C-4982-BDEF-691F7AF065C8}.Debug|Any CPU.ActiveCfg = Debug|Any CPU
		{538D6449-387C-4982-BDEF-691F7AF065C8}.Debug|Any CPU.Build.0 = Debug|Any CPU
		{538D6449-387C-4982-BDEF-691F7AF065C8}.Release|Any CPU.ActiveCfg = Release|Any CPU
		{538D6449-387C-4982-BDEF-691F7AF065C8}.Release|Any CPU.Build.0 = Release|Any CPU
		{89AE9A60-1D34-4D7F-B24D-9300BCBCAA02}.Debug|Any CPU.ActiveCfg = Debug|Any CPU
		{89AE9A60-1D34-4D7F-B24D-9300BCBCAA02}.Debug|Any CPU.Build.0 = Debug|Any CPU
		{89AE9A60-1D34-4D7F-B24D-9300BCBCAA02}.Release|Any CPU.ActiveCfg = Release|Any CPU
		{89AE9A60-1D34-4D7F-B24D-9300BCBCAA02}.Release|Any CPU.Build.0 = Release|Any CPU
		{A99DC5AE-FBA5-4178-8885-B2F33E5C58D8}.Debug|Any CPU.ActiveCfg = Debug|Any CPU
		{A99DC5AE-FBA5-4178-8885-B2F33E5C58D8}.Debug|Any CPU.Build.0 = Debug|Any CPU
		{A99DC5AE-FBA5-4178-8885-B2F33E5C58D8}.Release|Any CPU.ActiveCfg = Release|Any CPU
		{A99DC5AE-FBA5-4178-8885-B2F33E5C58D8}.Release|Any CPU.Build.0 = Release|Any CPU
		{F5EAA1B4-59DE-4C12-9775-3D80B1B00BC4}.Debug|Any CPU.ActiveCfg = Debug|Any CPU
		{F5EAA1B4-59DE-4C12-9775-3D80B1B00BC4}.Debug|Any CPU.Build.0 = Debug|Any CPU
		{F5EAA1B4-59DE-4C12-9775-3D80B1B00BC4}.Release|Any CPU.ActiveCfg = Release|Any CPU
		{F5EAA1B4-59DE-4C12-9775-3D80B1B00BC4}.Release|Any CPU.Build.0 = Release|Any CPU
		{D2C9F3E1-41D5-4379-8C33-AAEA1821C779}.Debug|Any CPU.ActiveCfg = Debug|Any CPU
		{D2C9F3E1-41D5-4379-8C33-AAEA1821C779}.Debug|Any CPU.Build.0 = Debug|Any CPU
		{D2C9F3E1-41D5-4379-8C33-AAEA1821C779}.Release|Any CPU.ActiveCfg = Release|Any CPU
		{D2C9F3E1-41D5-4379-8C33-AAEA1821C779}.Release|Any CPU.Build.0 = Release|Any CPU
		{D93D9F34-0D61-4D8C-B88B-7709AFCB9A23}.Debug|Any CPU.ActiveCfg = Debug|Any CPU
		{D93D9F34-0D61-4D8C-B88B-7709AFCB9A23}.Debug|Any CPU.Build.0 = Debug|Any CPU
		{D93D9F34-0D61-4D8C-B88B-7709AFCB9A23}.Release|Any CPU.ActiveCfg = Release|Any CPU
		{D93D9F34-0D61-4D8C-B88B-7709AFCB9A23}.Release|Any CPU.Build.0 = Release|Any CPU
		{3643F81E-AA39-45E1-A173-FFF24F0C84CE}.Debug|Any CPU.ActiveCfg = Debug|Any CPU
		{3643F81E-AA39-45E1-A173-FFF24F0C84CE}.Debug|Any CPU.Build.0 = Debug|Any CPU
		{3643F81E-AA39-45E1-A173-FFF24F0C84CE}.Release|Any CPU.ActiveCfg = Release|Any CPU
		{3643F81E-AA39-45E1-A173-FFF24F0C84CE}.Release|Any CPU.Build.0 = Release|Any CPU
		{5584D588-B665-4DF8-A4F6-853D6FDD6503}.Debug|Any CPU.ActiveCfg = Debug|Any CPU
		{5584D588-B665-4DF8-A4F6-853D6FDD6503}.Debug|Any CPU.Build.0 = Debug|Any CPU
		{5584D588-B665-4DF8-A4F6-853D6FDD6503}.Release|Any CPU.ActiveCfg = Release|Any CPU
		{5584D588-B665-4DF8-A4F6-853D6FDD6503}.Release|Any CPU.Build.0 = Release|Any CPU
		{FCECC9BB-4DBF-4860-AA8E-A11AF52014DF}.Debug|Any CPU.ActiveCfg = Debug|Any CPU
		{FCECC9BB-4DBF-4860-AA8E-A11AF52014DF}.Debug|Any CPU.Build.0 = Debug|Any CPU
		{FCECC9BB-4DBF-4860-AA8E-A11AF52014DF}.Release|Any CPU.ActiveCfg = Release|Any CPU
		{FCECC9BB-4DBF-4860-AA8E-A11AF52014DF}.Release|Any CPU.Build.0 = Release|Any CPU
	EndGlobalSection
	GlobalSection(SolutionProperties) = preSolution
		HideSolutionNode = FALSE
	EndGlobalSection
	GlobalSection(NestedProjects) = preSolution
		{0B3801A3-DEFD-439F-BA6E-5BFE333DAE46} = {1483498B-B513-4540-9914-4C0710D17CFA}
		{43F97E03-EA53-4959-88D3-46FCF74EC507} = {2AEA74D6-74E4-4E27-B6E9-F5FEB66B5941}
		{50F34810-0228-4E46-A6CA-81D91946C5BB} = {1483498B-B513-4540-9914-4C0710D17CFA}
		{48146B07-C72F-4C6D-977F-438D57A351F6} = {1483498B-B513-4540-9914-4C0710D17CFA}
		{89AE9A60-1D34-4D7F-B24D-9300BCBCAA02} = {EDBC157B-3AA2-4C17-B893-FB90135C7307}
		{F5EAA1B4-59DE-4C12-9775-3D80B1B00BC4} = {9639EE97-2B89-4371-AF20-F31A684B7FA9}
		{D2C9F3E1-41D5-4379-8C33-AAEA1821C779} = {9639EE97-2B89-4371-AF20-F31A684B7FA9}
		{D93D9F34-0D61-4D8C-B88B-7709AFCB9A23} = {9639EE97-2B89-4371-AF20-F31A684B7FA9}
		{3643F81E-AA39-45E1-A173-FFF24F0C84CE} = {A731DE5E-738D-4CD9-AF28-06B1C0F82758}
		{5584D588-B665-4DF8-A4F6-853D6FDD6503} = {A731DE5E-738D-4CD9-AF28-06B1C0F82758}
		{FCECC9BB-4DBF-4860-AA8E-A11AF52014DF} = {22D970DC-7DFB-4BAB-B2D7-0C8A3E06A96B}
	EndGlobalSection
	GlobalSection(ExtensibilityGlobals) = postSolution
		SolutionGuid = {3EE935C8-D2B9-41CE-909D-8309CCCB251C}
	EndGlobalSection
EndGlobal
